<?xml version="1.0" encoding="utf-8"?>
<Project ToolsVersion="4.0" xmlns="http://schemas.microsoft.com/developer/msbuild/2003">
  <ItemGroup>
    <Filter Include="Header Files">
      <UniqueIdentifier>{93995380-89BD-4b04-88EB-625FBE52EBFB}</UniqueIdentifier>
      <Extensions>h;hh;hpp;hxx;h++;hm;inl;inc;ipp;xsd</Extensions>
    </Filter>
    <Filter Include="Resource Files">
      <UniqueIdentifier>{67DA6AB6-F800-4c08-8B7A-83BB121AAD01}</UniqueIdentifier>
      <Extensions>rc;ico;cur;bmp;dlg;rc2;rct;bin;rgs;gif;jpg;jpeg;jpe;resx;tiff;tif;png;wav;mfcribbon-ms</Extensions>
    </Filter>
    <Filter Include="pch">
      <UniqueIdentifier>{e840e59c-40e8-4380-86f6-6abe8d53abfe}</UniqueIdentifier>
    </Filter>
    <Filter Include="D3D12Renderer">
      <UniqueIdentifier>{1acb9a89-c9d7-4b16-998f-b070c9d3c4e9}</UniqueIdentifier>
    </Filter>
    <Filter Include="typdef">
      <UniqueIdentifier>{927795c1-677b-4eae-aa5f-6e5e1679f8f0}</UniqueIdentifier>
    </Filter>
    <Filter Include="Main Entry">
      <UniqueIdentifier>{4FC737F1-C7A5-4376-A066-2A32D752A2FF}</UniqueIdentifier>
      <Extensions>cpp;c;cc;cxx;c++;cppm;ixx;def;odl;idl;hpj;bat;asm;asmx</Extensions>
    </Filter>
    <Filter Include="D3D_Util">
      <UniqueIdentifier>{bbcb9b35-68ba-4301-89c2-648344eccc7f}</UniqueIdentifier>
    </Filter>
    <Filter Include="D3D12Renderer\BasicMeshObject">
      <UniqueIdentifier>{ea76df91-95f0-4203-a218-ce44184b7427}</UniqueIdentifier>
    </Filter>
    <Filter Include="Shader">
      <UniqueIdentifier>{7dd6429e-0777-4324-806d-9db02eba2478}</UniqueIdentifier>
    </Filter>
  </ItemGroup>
  <ItemGroup>
    <ClInclude Include="targetver.h">
      <Filter>Header Files</Filter>
    </ClInclude>
    <ClInclude Include="Resource.h">
      <Filter>Header Files</Filter>
    </ClInclude>
    <ClInclude Include="pch.h">
      <Filter>pch</Filter>
    </ClInclude>
    <ClInclude Include="D3D12Renderer.h">
      <Filter>D3D12Renderer</Filter>
    </ClInclude>
    <ClInclude Include="..\D3D_Util\D3DUtil.h">
      <Filter>D3D_Util</Filter>
    </ClInclude>
    <ClInclude Include="..\D3D_Util\d3dx12.h">
      <Filter>D3D_Util</Filter>
    </ClInclude>
    <ClInclude Include="BasicMeshObject.h">
      <Filter>D3D12Renderer\BasicMeshObject</Filter>
    </ClInclude>
    <ClInclude Include="typedef.h">
      <Filter>typdef</Filter>
    </ClInclude>
    <ClInclude Include="D3D12ResourceManager.h">
      <Filter>D3D12Renderer</Filter>
    </ClInclude>
  </ItemGroup>
  <ItemGroup>
    <ClCompile Include="main.cpp">
      <Filter>Main Entry</Filter>
    </ClCompile>
    <ClCompile Include="pch.cpp">
      <Filter>pch</Filter>
    </ClCompile>
    <ClCompile Include="D3D12Renderer.cpp">
      <Filter>D3D12Renderer</Filter>
    </ClCompile>
    <ClCompile Include="..\D3D_Util\D3DUtil.cpp">
      <Filter>D3D_Util</Filter>
    </ClCompile>
    <ClCompile Include="BasicMeshObject.cpp">
      <Filter>D3D12Renderer\BasicMeshObject</Filter>
    </ClCompile>
    <ClCompile Include="D3D12ResourceManager.cpp">
      <Filter>D3D12Renderer</Filter>
    </ClCompile>
  </ItemGroup>
  <ItemGroup>
    <ResourceCompile Include="03_DrawTriangle_GPU.rc">
      <Filter>Resource Files</Filter>
    </ResourceCompile>
  </ItemGroup>
  <ItemGroup>
    <Image Include="small.ico">
      <Filter>Resource Files</Filter>
    </Image>
    <Image Include="03_DrawTriangle_GPU.ico">
      <Filter>Resource Files</Filter>
    </Image>
  </ItemGroup>
  <ItemGroup>
    <CustomBuild Include="Shaders\shaders.hlsl">
      <Filter>Shader</Filter>
    </CustomBuild>
  </ItemGroup>
  <ItemGroup>
    <None Include="packages.config" />
  </ItemGroup>
</Project>