<?xml version="1.0" encoding="utf-8"?>
<Project ToolsVersion="4.0" xmlns="http://schemas.microsoft.com/developer/msbuild/2003">
  <ItemGroup>
    <Filter Include="Source Files">
      <UniqueIdentifier>{4FC737F1-C7A5-4376-A066-2A32D752A2FF}</UniqueIdentifier>
      <Extensions>cpp;c;cc;cxx;c++;cppm;ixx;def;odl;idl;hpj;bat;asm;asmx</Extensions>
    </Filter>
    <Filter Include="Header Files">
      <UniqueIdentifier>{93995380-89BD-4b04-88EB-625FBE52EBFB}</UniqueIdentifier>
      <Extensions>h;hh;hpp;hxx;h++;hm;inl;inc;ipp;xsd</Extensions>
    </Filter>
    <Filter Include="Resource Files">
      <UniqueIdentifier>{67DA6AB6-F800-4c08-8B7A-83BB121AAD01}</UniqueIdentifier>
      <Extensions>rc;ico;cur;bmp;dlg;rc2;rct;bin;rgs;gif;jpg;jpeg;jpe;resx;tiff;tif;png;wav;mfcribbon-ms</Extensions>
    </Filter>
    <Filter Include="pch">
      <UniqueIdentifier>{94c1d9ca-ed86-49ea-b4de-77820db2f554}</UniqueIdentifier>
    </Filter>
    <Filter Include="Game">
      <UniqueIdentifier>{2a89777b-e2af-4fee-a012-071285a69f8e}</UniqueIdentifier>
    </Filter>
    <Filter Include="Game\GameObject">
      <UniqueIdentifier>{c97b760e-0747-4a9e-b21b-beeccef70dd4}</UniqueIdentifier>
    </Filter>
    <Filter Include="Util">
      <UniqueIdentifier>{e4d1189c-4c78-44f4-89fc-8eeaefd45be2}</UniqueIdentifier>
    </Filter>
    <Filter Include="Engine Interface">
      <UniqueIdentifier>{d267b43a-e84e-419f-8b9c-e6b29f6dc0ff}</UniqueIdentifier>
    </Filter>
  </ItemGroup>
  <ItemGroup>
    <ClInclude Include="targetver.h">
      <Filter>Header Files</Filter>
    </ClInclude>
    <ClInclude Include="Resource.h">
      <Filter>Header Files</Filter>
    </ClInclude>
    <ClInclude Include="App.h">
      <Filter>Header Files</Filter>
    </ClInclude>
    <ClInclude Include="pch.h">
      <Filter>pch</Filter>
    </ClInclude>
    <ClInclude Include="Game.h">
      <Filter>Game</Filter>
    </ClInclude>
    <ClInclude Include="GameObject.h">
      <Filter>Game\GameObject</Filter>
    </ClInclude>
    <ClInclude Include="..\Util\LinkedList.h">
      <Filter>Util</Filter>
    </ClInclude>
    <ClInclude Include="..\Util\VertexUtil.h">
      <Filter>Util</Filter>
    </ClInclude>
    <ClInclude Include="..\Common\IRenderer.h">
      <Filter>Engine Interface</Filter>
    </ClInclude>
    <ClInclude Include="..\Common\typedef.h">
      <Filter>Engine Interface</Filter>
    </ClInclude>
    <ClInclude Include="..\Util\QueryPerfCounter.h">
      <Filter>Util</Filter>
    </ClInclude>
  </ItemGroup>
  <ItemGroup>
    <ClCompile Include="App.cpp">
      <Filter>Source Files</Filter>
    </ClCompile>
    <ClCompile Include="pch.cpp">
      <Filter>pch</Filter>
    </ClCompile>
    <ClCompile Include="Game.cpp">
      <Filter>Game</Filter>
    </ClCompile>
    <ClCompile Include="GameObject.cpp">
      <Filter>Game\GameObject</Filter>
    </ClCompile>
    <ClCompile Include="..\Util\LinkedList.cpp">
      <Filter>Util</Filter>
    </ClCompile>
    <ClCompile Include="..\Util\VertexUtil.cpp">
      <Filter>Util</Filter>
    </ClCompile>
    <ClCompile Include="..\Util\QueryPerfCounter .cpp">
      <Filter>Util</Filter>
    </ClCompile>
  </ItemGroup>
  <ItemGroup>
    <ResourceCompile Include="App.rc">
      <Filter>Resource Files</Filter>
    </ResourceCompile>
  </ItemGroup>
  <ItemGroup>
    <Image Include="small.ico">
      <Filter>Resource Files</Filter>
    </Image>
    <Image Include="App.ico">
      <Filter>Resource Files</Filter>
    </Image>
  </ItemGroup>
</Project>